
Microsoft Visual Studio Solution File, Format Version 12.00
# Visual Studio Version 17
VisualStudioVersion = 17.14.37314.3 d17.14
MinimumVisualStudioVersion = 10.0.40219.1
Project("{FAE04EC0-301F-11D3-BF4B-00C04F79EFBC}") = "HelpDesk.Api", "HelpDesk.Api\HelpDesk.Api.csproj", "{D5D2A4E6-D195-4FEE-A2D5-43EABEFF8E93}"
EndProject
Project("{FAE04EC0-301F-11D3-BF4B-00C04F79EFBC}") = "HelpDesk.Mvc", "HelpDesk.Mvc\HelpDesk.Mvc.csproj", "{87A07C8F-4CE5-40E0-AB50-55BEDDA953F2}"
EndProject
Global
	GlobalSection(SolutionConfigurationPlatforms) = preSolution
		Debug|Any CPU = Debug|Any CPU
		Release|Any CPU = Release|Any CPU
	EndGlobalSection
	GlobalSection(ProjectConfigurationPlatforms) = postSolution
		{D5D2A4E6-D195-4FEE-A2D5-43EABEFF8E93}.Debug|Any CPU.ActiveCfg = Debug|Any CPU
		{D5D2A4E6-D195-4FEE-A2D5-43EABEFF8E93}.Debug|Any CPU.Build.0 = Debug|Any CPU
		{D5D2A4E6-D195-4FEE-A2D5-43EABEFF8E93}.Release|Any CPU.ActiveCfg = Release|Any CPU
		{D5D2A4E6-D195-4FEE-A2D5-43EABEFF8E93}.Release|Any CPU.Build.0 = Release|Any CPU
		{87A07C8F-4CE5-40E0-AB50-55BEDDA953F2}.Debug|Any CPU.ActiveCfg = Debug|Any CPU
		{87A07C8F-4CE5-40E0-AB50-55BEDDA953F2}.Debug|Any CPU.Build.0 = Debug|Any CPU
		{87A07C8F-4CE5-40E0-AB50-55BEDDA953F2}.Release|Any CPU.ActiveCfg = Release|Any CPU
		{87A07C8F-4CE5-40E0-AB50-55BEDDA953F2}.Release|Any CPU.Build.0 = Release|Any CPU
	EndGlobalSection
	GlobalSection(SolutionProperties) = preSolution
		HideSolutionNode = FALSE
	EndGlobalSection
	GlobalSection(ExtensibilityGlobals) = postSolution
		SolutionGuid = {5BACA344-A302-4688-B770-BB81A6F7453B}
	EndGlobalSection
EndGlobal
